lockfileVersion: '9.0'

settings:
  autoInstallPeers: true
  excludeLinksFromLockfile: false

importers:

  .:
    devDependencies:
      '@cofhe/foundry-plugin':
        specifier: 0.7.1
        version: 0.7.1
      '@cofhe/mock-contracts':
        specifier: 0.7.1
        version: 0.7.1
      '@fhenixprotocol/cofhe-contracts':
        specifier: 0.2.0
        version: 0.2.0
      '@openzeppelin/contracts':
        specifier: ^5.4.0
        version: 5.6.1
      forge-std:
        specifier: github:foundry-rs/forge-std
        version: https://codeload.github.com/foundry-rs/forge-std/tar.gz/8987040ede9553cea20c95ad40d0455930f9c8e0

packages:

  '@cofhe/foundry-plugin@0.7.1':
    resolution: {integrity: sha512-zndDbVcl5akTdrvk7PXNJRfHLkBKQJNVV0sG2L4P9sarCMGek/S3Atc1GFq83BcSs3HEAD/UyIO4++iGV4k4Fg==}

  '@cofhe/mock-contracts@0.7.1':
    resolution: {integrity: sha512-0X7qMiwadIGjZNfLAlAUNlqTo131V6X7O2Qw+0a4J+mBmnnfPIo1NPD0oVQsRk8uu8B3rHtggQutrmD8aKKQug==}

  '@fhenixprotocol/cofhe-contracts@0.2.0':
    resolution: {integrity: sha512-8VNnTSSG1xdZPFwQybBWX0xzOYIlL9v6QAFa35tER7ChaAJx9JUcNT2UqZQux84ZCplOkS4cCfUv/mtQ/6nEzg==}

  '@openzeppelin/contracts-upgradeable@5.4.0':
    resolution: {integrity: sha512-STJKyDzUcYuB35Zub1JpWW58JxvrFFVgQ+Ykdr8A9PGXgtq/obF5uoh07k2XmFyPxfnZdPdBdhkJ/n2YxJ87HQ==}
    peerDependencies:
      '@openzeppelin/contracts': 5.4.0

  '@openzeppelin/contracts@5.4.0':
    resolution: {integrity: sha512-eCYgWnLg6WO+X52I16TZt8uEjbtdkgLC0SUX/xnAksjjrQI4Xfn4iBRoI5j55dmlOhDv1Y7BoR3cU7e3WWhC6A==}

  '@openzeppelin/contracts@5.6.1':
    resolution: {integrity: sha512-Ly6SlsVJ3mj+b18W3R8gNufB7dTICT105fJhodGAGgyC2oqnBAhqSiNDJ8V8DLY05cCz81GLI0CU5vNYA1EC/w==}

  forge-std@https://codeload.github.com/foundry-rs/forge-std/tar.gz/8987040ede9553cea20c95ad40d0455930f9c8e0:
    resolution: {gitHosted: true, integrity: sha512-bXzTEl9XIxu9P5Fw/98NUnxtcJpp8P6y4A+JOfff2+J+RJTZRRZKKnqGM1HbJw9pQLsS7VOW4IukLsXf2o+xpA==, tarball: https://codeload.github.com/foundry-rs/forge-std/tar.gz/8987040ede9553cea20c95ad40d0455930f9c8e0}
    version: 1.16.0

snapshots:

  '@cofhe/foundry-plugin@0.7.1':
    dependencies:
      '@cofhe/mock-contracts': 0.7.1
      '@fhenixprotocol/cofhe-contracts': 0.2.0
      '@openzeppelin/contracts': 5.4.0

  '@cofhe/mock-contracts@0.7.1':
    dependencies:
      '@fhenixprotocol/cofhe-contracts': 0.2.0
      '@openzeppelin/contracts': 5.4.0
      '@openzeppelin/contracts-upgradeable': 5.4.0(@openzeppelin/contracts@5.4.0)

  '@fhenixprotocol/cofhe-contracts@0.2.0':
    dependencies:
      '@openzeppelin/contracts': 5.6.1

  '@openzeppelin/contracts-upgradeable@5.4.0(@openzeppelin/contracts@5.4.0)':
    dependencies:
      '@openzeppelin/contracts': 5.4.0

  '@openzeppelin/contracts@5.4.0': {}

  '@openzeppelin/contracts@5.6.1': {}

  forge-std@https://codeload.github.com/foundry-rs/forge-std/tar.gz/8987040ede9553cea20c95ad40d0455930f9c8e0: {}
